
Microsoft Visual Studio Solution File, Format Version 12.00
# Visual Studio 2013
VisualStudioVersion = 12.0.40629.0
MinimumVisualStudioVersion = 10.0.40219.1
Project("{FAE04EC0-301F-11D3-BF4B-00C04F79EFBC}") = "Zombie", "Zombie\Zombie.csproj", "{1DDF5873-D1F6-4127-BDFB-5B7D2B19E22C}"
EndProject
Project("{FAE04EC0-301F-11D3-BF4B-00C04F79EFBC}") = "Tests", "Tests\Tests.csproj", "{5D6F7057-D1B6-4F73-9330-FF47BA48646B}"
EndProject
Project("{2150E333-8FDC-42A3-9474-1A3956D46DE8}") = "Zombie.js", "Zombie.js", "{B4D23D18-DBF7-4C12-88DC-6742C07A2BFD}"
	ProjectSection(SolutionItems) = preProject
		Zombie.js\Zombie.js.nuspec = Zombie.js\Zombie.js.nuspec
	EndProjectSection
EndProject
Project("{2150E333-8FDC-42A3-9474-1A3956D46DE8}") = "tools", "tools", "{9A401039-7B86-4C6F-9086-BFE2D87965B7}"
	ProjectSection(SolutionItems) = preProject
		Zombie.js\tools\init.ps1 = Zombie.js\tools\init.ps1
	EndProjectSection
EndProject
Global
	GlobalSection(SolutionConfigurationPlatforms) = preSolution
		Debug|Any CPU = Debug|Any CPU
		Release|Any CPU = Release|Any CPU
	EndGlobalSection
	GlobalSection(ProjectConfigurationPlatforms) = postSolution
		{1DDF5873-D1F6-4127-BDFB-5B7D2B19E22C}.Debug|Any CPU.ActiveCfg = Debug|Any CPU
		{1DDF5873-D1F6-4127-BDFB-5B7D2B19E22C}.Debug|Any CPU.Build.0 = Debug|Any CPU
		{1DDF5873-D1F6-4127-BDFB-5B7D2B19E22C}.Release|Any CPU.ActiveCfg = Release|Any CPU
		{1DDF5873-D1F6-4127-BDFB-5B7D2B19E22C}.Release|Any CPU.Build.0 = Release|Any CPU
		{5D6F7057-D1B6-4F73-9330-FF47BA48646B}.Debug|Any CPU.ActiveCfg = Debug|Any CPU
		{5D6F7057-D1B6-4F73-9330-FF47BA48646B}.Debug|Any CPU.Build.0 = Debug|Any CPU
		{5D6F7057-D1B6-4F73-9330-FF47BA48646B}.Release|Any CPU.ActiveCfg = Release|Any CPU
		{5D6F7057-D1B6-4F73-9330-FF47BA48646B}.Release|Any CPU.Build.0 = Release|Any CPU
	EndGlobalSection
	GlobalSection(SolutionProperties) = preSolution
		HideSolutionNode = FALSE
	EndGlobalSection
	GlobalSection(NestedProjects) = preSolution
		{9A401039-7B86-4C6F-9086-BFE2D87965B7} = {B4D23D18-DBF7-4C12-88DC-6742C07A2BFD}
	EndGlobalSection
EndGlobal
